// !$*UTF8*$!
{
	archiveVersion = 1;
	classes = {
	};
	objectVersion = 46;
	objects = {

/* Begin PBXBuildFile section */
		FC90DDB81B4F4AFA00F5382B /* main.m in Sources */ = {isa = PBXBuildFile; fileRef = FC90DDB71B4F4AFA00F5382B /* main.m */; };
		FC90DDBB1B4F4AFA00F5382B /* AppDelegate.m in Sources */ = {isa = PBXBuildFile; fileRef = FC90DDBA1B4F4AFA00F5382B /* AppDelegate.m */; };
		FC90DDBE1B4F4AFA00F5382B /* ViewController.m in Sources */ = {isa = PBXBuildFile; fileRef = FC90DDBD1B4F4AFA00F5382B /* ViewController.m */; };
		FC90DDC11B4F4AFA00F5382B /* Main.storyboard in Resources */ = {isa = PBXBuildFile; fileRef = FC90DDBF1B4F4AFA00F5382B /* Main.storyboard */; };
		FC90DDC31B4F4AFA00F5382B /* Images.xcassets in Resources */ = {isa = PBXBuildFile; fileRef = FC90DDC21B4F4AFA00F5382B /* Images.xcassets */; };
		FC90DDC61B4F4AFA00F5382B /* LaunchScreen.xib in Resources */ = {isa = PBXBuildFile; fileRef = FC90DDC41B4F4AFA00F5382B /* LaunchScreen.xib */; };
		FC90DDD21B4F4AFB00F5382B /* TXVImageProgressViewTests.m in Sources */ = {isa = PBXBuildFile; fileRef = FC90DDD11B4F4AFB00F5382B /* TXVImageProgressViewTests.m */; };
		FC90DDDE1B4F4BA100F5382B /* VTXImageProgressView.m in Sources */ = {isa = PBXBuildFile; fileRef = FC90DDDD1B4F4BA100F5382B /* VTXImageProgressView.m */; };
		FC90DDE11B4F4EAD00F5382B /* heart.png in Resources */ = {isa = PBXBuildFile; fileRef = FC90DDDF1B4F4EAD00F5382B /* heart.png */; };
		FC90DDE21B4F4EAD00F5382B /* heart@2x.png in Resources */ = {isa = PBXBuildFile; fileRef = FC90DDE01B4F4EAD00F5382B /* heart@2x.png */; };
		FC90DDEA1B4F508C00F5382B /* Twitter@2x.png in Resources */ = {isa = PBXBuildFile; fileRef = FC90DDE41B4F508C00F5382B /* Twitter@2x.png */; };
		FC90DDEB1B4F508C00F5382B /* Twitter.png in Resources */ = {isa = PBXBuildFile; fileRef = FC90DDE51B4F508C00F5382B /* Twitter.png */; };
		FC90DDEC1B4F508C00F5382B /* Play@2x.png in Resources */ = {isa = PBXBuildFile; fileRef = FC90DDE61B4F508C00F5382B /* Play@2x.png */; };
		FC90DDED1B4F508C00F5382B /* Play.png in Resources */ = {isa = PBXBuildFile; fileRef = FC90DDE71B4F508C00F5382B /* Play.png */; };
		FC90DDEE1B4F508C00F5382B /* Truck@2x.png in Resources */ = {isa = PBXBuildFile; fileRef = FC90DDE81B4F508C00F5382B /* Truck@2x.png */; };
		FC90DDEF1B4F508C00F5382B /* Truck.png in Resources */ = {isa = PBXBuildFile; fileRef = FC90DDE91B4F508C00F5382B /* Truck.png */; };
/* End PBXBuildFile section */

/* Begin PBXContainerItemProxy section */
		FC90DDCC1B4F4AFB00F5382B /* PBXContainerItemProxy */ = {
			isa = PBXContainerItemProxy;
			containerPortal = FC90DDAA1B4F4AFA00F5382B /* Project object */;
			proxyType = 1;
			remoteGlobalIDString = FC90DDB11B4F4AFA00F5382B;
			remoteInfo = TXVImageProgressView;
		};
/* End PBXContainerItemProxy section */

/* Begin PBXFileReference section */
		FC90DDB21B4F4AFA00F5382B /* TXVImageProgressView.app */ = {isa = PBXFileReference; explicitFileType = wrapper.application; includeInIndex = 0; path = TXVImageProgressView.app; sourceTree = BUILT_PRODUCTS_DIR; };
		FC90DDB61B4F4AFA00F5382B /* Info.plist */ = {isa = PBXFileReference; lastKnownFileType = text.plist.xml; path = Info.plist; sourceTree = "<group>"; };
		FC90DDB71B4F4AFA00F5382B /* main.m */ = {isa = PBXFileReference; lastKnownFileType = sourcecode.c.objc; path = main.m; sourceTree = "<group>"; };
		FC90DDB91B4F4AFA00F5382B /* AppDelegate.h */ = {isa = PBXFileReference; lastKnownFileType = sourcecode.c.h; path = AppDelegate.h; sourceTree = "<group>"; };
		FC90DDBA1B4F4AFA00F5382B /* AppDelegate.m */ = {isa = PBXFileReference; lastKnownFileType = sourcecode.c.objc; path = AppDelegate.m; sourceTree = "<group>"; };
		FC90DDBC1B4F4AFA00F5382B /* ViewController.h */ = {isa = PBXFileReference; lastKnownFileType = sourcecode.c.h; path = ViewController.h; sourceTree = "<group>"; };
		FC90DDBD1B4F4AFA00F5382B /* ViewController.m */ = {isa = PBXFileReference; lastKnownFileType = sourcecode.c.objc; path = ViewController.m; sourceTree = "<group>"; };
		FC90DDC01B4F4AFA00F5382B /* Base */ = {isa = PBXFileReference; lastKnownFileType = file.storyboard; name = Base; path = Base.lproj/Main.storyboard; sourceTree = "<group>"; };
		FC90DDC21B4F4AFA00F5382B /* Images.xcassets */ = {isa = PBXFileReference; lastKnownFileType = folder.assetcatalog; path = Images.xcassets; sourceTree = "<group>"; };
		FC90DDC51B4F4AFA00F5382B /* Base */ = {isa = PBXFileReference; lastKnownFileType = file.xib; name = Base; path = Base.lproj/LaunchScreen.xib; sourceTree = "<group>"; };
		FC90DDCB1B4F4AFB00F5382B /* TXVImageProgressViewTests.xctest */ = {isa = PBXFileReference; explicitFileType = wrapper.cfbundle; includeInIndex = 0; path = TXVImageProgressViewTests.xctest; sourceTree = BUILT_PRODUCTS_DIR; };
		FC90DDD01B4F4AFB00F5382B /* Info.plist */ = {isa = PBXFileReference; lastKnownFileType = text.plist.xml; path = Info.plist; sourceTree = "<group>"; };
		FC90DDD11B4F4AFB00F5382B /* TXVImageProgressViewTests.m */ = {isa = PBXFileReference; lastKnownFileType = sourcecode.c.objc; path = TXVImageProgressViewTests.m; sourceTree = "<group>"; };
		FC90DDDC1B4F4BA100F5382B /* VTXImageProgressView.h */ = {isa = PBXFileReference; fileEncoding = 4; lastKnownFileType = sourcecode.c.h; path = VTXImageProgressView.h; sourceTree = "<group>"; };
		FC90DDDD1B4F4BA100F5382B /* VTXImageProgressView.m */ = {isa = PBXFileReference; fileEncoding = 4; lastKnownFileType = sourcecode.c.objc; path = VTXImageProgressView.m; sourceTree = "<group>"; };
		FC90DDDF1B4F4EAD00F5382B /* heart.png */ = {isa = PBXFileReference; lastKnownFileType = image.png; path = heart.png; sourceTree = "<group>"; };
		FC90DDE01B4F4EAD00F5382B /* heart@2x.png */ = {isa = PBXFileReference; lastKnownFileType = image.png; path = "heart@2x.png"; sourceTree = "<group>"; };
		FC90DDE41B4F508C00F5382B /* Twitter@2x.png */ = {isa = PBXFileReference; lastKnownFileType = image.png; path = "Twitter@2x.png"; sourceTree = "<group>"; };
		FC90DDE51B4F508C00F5382B /* Twitter.png */ = {isa = PBXFileReference; lastKnownFileType = image.png; path = Twitter.png; sourceTree = "<group>"; };
		FC90DDE61B4F508C00F5382B /* Play@2x.png */ = {isa = PBXFileReference; lastKnownFileType = image.png; path = "Play@2x.png"; sourceTree = "<group>"; };
		FC90DDE71B4F508C00F5382B /* Play.png */ = {isa = PBXFileReference; lastKnownFileType = image.png; path = Play.png; sourceTree = "<group>"; };
		FC90DDE81B4F508C00F5382B /* Truck@2x.png */ = {isa = PBXFileReference; lastKnownFileType = image.png; path = "Truck@2x.png"; sourceTree = "<group>"; };
		FC90DDE91B4F508C00F5382B /* Truck.png */ = {isa = PBXFileReference; lastKnownFileType = image.png; path = Truck.png; sourceTree = "<group>"; };
/* End PBXFileReference section */

/* Begin PBXFrameworksBuildPhase section */
		FC90DDAF1B4F4AFA00F5382B /* Frameworks */ = {
			isa = PBXFrameworksBuildPhase;
			buildActionMask = 2147483647;
			files = (
			);
			runOnlyForDeploymentPostprocessing = 0;
		};
		FC90DDC81B4F4AFB00F5382B /* Frameworks */ = {
			isa = PBXFrameworksBuildPhase;
			buildActionMask = 2147483647;
			files = (
			);
			runOnlyForDeploymentPostprocessing = 0;
		};
/* End PBXFrameworksBuildPhase section */

/* Begin PBXGroup section */
		FC90DDA91B4F4AFA00F5382B = {
			isa = PBXGroup;
			children = (
				FC90DDB41B4F4AFA00F5382B /* TXVImageProgressView */,
				FC90DDCE1B4F4AFB00F5382B /* TXVImageProgressViewTests */,
				FC90DDB31B4F4AFA00F5382B /* Products */,
			);
			sourceTree = "<group>";
		};
		FC90DDB31B4F4AFA00F5382B /* Products */ = {
			isa = PBXGroup;
			children = (
				FC90DDB21B4F4AFA00F5382B /* TXVImageProgressView.app */,
				FC90DDCB1B4F4AFB00F5382B /* TXVImageProgressViewTests.xctest */,
			);
			name = Products;
			sourceTree = "<group>";
		};
		FC90DDB41B4F4AFA00F5382B /* TXVImageProgressView */ = {
			isa = PBXGroup;
			children = (
				FC90DDE31B4F4EB200F5382B /* Icons */,
				FC90DDDB1B4F4B4300F5382B /* TXVImageProgressView */,
				FC90DDB91B4F4AFA00F5382B /* AppDelegate.h */,
				FC90DDBA1B4F4AFA00F5382B /* AppDelegate.m */,
				FC90DDBC1B4F4AFA00F5382B /* ViewController.h */,
				FC90DDBD1B4F4AFA00F5382B /* ViewController.m */,
				FC90DDBF1B4F4AFA00F5382B /* Main.storyboard */,
				FC90DDC21B4F4AFA00F5382B /* Images.xcassets */,
				FC90DDC41B4F4AFA00F5382B /* LaunchScreen.xib */,
				FC90DDB51B4F4AFA00F5382B /* Supporting Files */,
			);
			path = TXVImageProgressView;
			sourceTree = "<group>";
		};
		FC90DDB51B4F4AFA00F5382B /* Supporting Files */ = {
			isa = PBXGroup;
			children = (
				FC90DDB61B4F4AFA00F5382B /* Info.plist */,
				FC90DDB71B4F4AFA00F5382B /* main.m */,
			);
			name = "Supporting Files";
			sourceTree = "<group>";
		};
		FC90DDCE1B4F4AFB00F5382B /* TXVImageProgressViewTests */ = {
			isa = PBXGroup;
			children = (
				FC90DDD11B4F4AFB00F5382B /* TXVImageProgressViewTests.m */,
				FC90DDCF1B4F4AFB00F5382B /* Supporting Files */,
			);
			path = TXVImageProgressViewTests;
			sourceTree = "<group>";
		};
		FC90DDCF1B4F4AFB00F5382B /* Supporting Files */ = {
			isa = PBXGroup;
			children = (
				FC90DDD01B4F4AFB00F5382B /* Info.plist */,
			);
			name = "Supporting Files";
			sourceTree = "<group>";
		};
		FC90DDDB1B4F4B4300F5382B /* TXVImageProgressView */ = {
			isa = PBXGroup;
			children = (
				FC90DDDC1B4F4BA100F5382B /* VTXImageProgressView.h */,
				FC90DDDD1B4F4BA100F5382B /* VTXImageProgressView.m */,
			);
			path = TXVImageProgressView;
			sourceTree = "<group>";
		};
		FC90DDE31B4F4EB200F5382B /* Icons */ = {
			isa = PBXGroup;
			children = (
				FC90DDE41B4F508C00F5382B /* Twitter@2x.png */,
				FC90DDE51B4F508C00F5382B /* Twitter.png */,
				FC90DDE61B4F508C00F5382B /* Play@2x.png */,
				FC90DDE71B4F508C00F5382B /* Play.png */,
				FC90DDE81B4F508C00F5382B /* Truck@2x.png */,
				FC90DDE91B4F508C00F5382B /* Truck.png */,
				FC90DDDF1B4F4EAD00F5382B /* heart.png */,
				FC90DDE01B4F4EAD00F5382B /* heart@2x.png */,
			);
			name = Icons;
			sourceTree = "<group>";
		};
/* End PBXGroup section */

/* Begin PBXNativeTarget section */
		FC90DDB11B4F4AFA00F5382B /* TXVImageProgressView */ = {
			isa = PBXNativeTarget;
			buildConfigurationList = FC90DDD51B4F4AFB00F5382B /* Build configuration list for PBXNativeTarget "TXVImageProgressView" */;
			buildPhases = (
				FC90DDAE1B4F4AFA00F5382B /* Sources */,
				FC90DDAF1B4F4AFA00F5382B /* Frameworks */,
				FC90DDB01B4F4AFA00F5382B /* Resources */,
			);
			buildRules = (
			);
			dependencies = (
			);
			name = TXVImageProgressView;
			productName = TXVImageProgressView;
			productReference = FC90DDB21B4F4AFA00F5382B /* TXVImageProgressView.app */;
			productType = "com.apple.product-type.application";
		};
		FC90DDCA1B4F4AFB00F5382B /* TXVImageProgressViewTests */ = {
			isa = PBXNativeTarget;
			buildConfigurationList = FC90DDD81B4F4AFB00F5382B /* Build configuration list for PBXNativeTarget "TXVImageProgressViewTests" */;
			buildPhases = (
				FC90DDC71B4F4AFB00F5382B /* Sources */,
				FC90DDC81B4F4AFB00F5382B /* Frameworks */,
				FC90DDC91B4F4AFB00F5382B /* Resources */,
			);
			buildRules = (
			);
			dependencies = (
				FC90DDCD1B4F4AFB00F5382B /* PBXTargetDependency */,
			);
			name = TXVImageProgressViewTests;
			productName = TXVImageProgressViewTests;
			productReference = FC90DDCB1B4F4AFB00F5382B /* TXVImageProgressViewTests.xctest */;
			productType = "com.apple.product-type.bundle.unit-test";
		};
/* End PBXNativeTarget section */

/* Begin PBXProject section */
		FC90DDAA1B4F4AFA00F5382B /* Project object */ = {
			isa = PBXProject;
			attributes = {
				LastUpgradeCheck = 0640;
				ORGANIZATIONNAME = Viettranx;
				TargetAttributes = {
					FC90DDB11B4F4AFA00F5382B = {
						CreatedOnToolsVersion = 6.4;
					};
					FC90DDCA1B4F4AFB00F5382B = {
						CreatedOnToolsVersion = 6.4;
						TestTargetID = FC90DDB11B4F4AFA00F5382B;
					};
				};
			};
			buildConfigurationList = FC90DDAD1B4F4AFA00F5382B /* Build configuration list for PBXProject "TXVImageProgressView" */;
			compatibilityVersion = "Xcode 3.2";
			developmentRegion = English;
			hasScannedForEncodings = 0;
			knownRegions = (
				en,
				Base,
			);
			mainGroup = FC90DDA91B4F4AFA00F5382B;
			productRefGroup = FC90DDB31B4F4AFA00F5382B /* Products */;
			projectDirPath = "";
			projectRoot = "";
			targets = (
				FC90DDB11B4F4AFA00F5382B /* TXVImageProgressView */,
				FC90DDCA1B4F4AFB00F5382B /* TXVImageProgressViewTests */,
			);
		};
/* End PBXProject section */

/* Begin PBXResourcesBuildPhase section */
		FC90DDB01B4F4AFA00F5382B /* Resources */ = {
			isa = PBXResourcesBuildPhase;
			buildActionMask = 2147483647;
			files = (
				FC90DDEA1B4F508C00F5382B /* Twitter@2x.png in Resources */,
				FC90DDEC1B4F508C00F5382B /* Play@2x.png in Resources */,
				FC90DDE11B4F4EAD00F5382B /* heart.png in Resources */,
				FC90DDED1B4F508C00F5382B /* Play.png in Resources */,
				FC90DDC11B4F4AFA00F5382B /* Main.storyboard in Resources */,
				FC90DDE21B4F4EAD00F5382B /* heart@2x.png in Resources */,
				FC90DDEF1B4F508C00F5382B /* Truck.png in Resources */,
				FC90DDC61B4F4AFA00F5382B /* LaunchScreen.xib in Resources */,
				FC90DDEE1B4F508C00F5382B /* Truck@2x.png in Resources */,
				FC90DDEB1B4F508C00F5382B /* Twitter.png in Resources */,
				FC90DDC31B4F4AFA00F5382B /* Images.xcassets in Resources */,
			);
			runOnlyForDeploymentPostprocessing = 0;
		};
		FC90DDC91B4F4AFB00F5382B /* Resources */ = {
			isa = PBXResourcesBuildPhase;
			buildActionMask = 2147483647;
			files = (
			);
			runOnlyForDeploymentPostprocessing = 0;
		};
/* End PBXResourcesBuildPhase section */

/* Begin PBXSourcesBuildPhase section */
		FC90DDAE1B4F4AFA00F5382B /* Sources */ = {
			isa = PBXSourcesBuildPhase;
			buildActionMask = 2147483647;
			files = (
				FC90DDBE1B4F4AFA00F5382B /* ViewController.m in Sources */,
				FC90DDBB1B4F4AFA00F5382B /* AppDelegate.m in Sources */,
				FC90DDDE1B4F4BA100F5382B /* VTXImageProgressView.m in Sources */,
				FC90DDB81B4F4AFA00F5382B /* main.m in Sources */,
			);
			runOnlyForDeploymentPostprocessing = 0;
		};
		FC90DDC71B4F4AFB00F5382B /* Sources */ = {
			isa = PBXSourcesBuildPhase;
			buildActionMask = 2147483647;
			files = (
				FC90DDD21B4F4AFB00F5382B /* TXVImageProgressViewTests.m in Sources */,
			);
			runOnlyForDeploymentPostprocessing = 0;
		};
/* End PBXSourcesBuildPhase section */

/* Begin PBXTargetDependency section */
		FC90DDCD1B4F4AFB00F5382B /* PBXTargetDependency */ = {
			isa = PBXTargetDependency;
			target = FC90DDB11B4F4AFA00F5382B /* TXVImageProgressView */;
			targetProxy = FC90DDCC1B4F4AFB00F5382B /* PBXContainerItemProxy */;
		};
/* End PBXTargetDependency section */

/* Begin PBXVariantGroup section */
		FC90DDBF1B4F4AFA00F5382B /* Main.storyboard */ = {
			isa = PBXVariantGroup;
			children = (
				FC90DDC01B4F4AFA00F5382B /* Base */,
			);
			name = Main.storyboard;
			sourceTree = "<group>";
		};
		FC90DDC41B4F4AFA00F5382B /* LaunchScreen.xib */ = {
			isa = PBXVariantGroup;
			children = (
				FC90DDC51B4F4AFA00F5382B /* Base */,
			);
			name = LaunchScreen.xib;
			sourceTree = "<group>";
		};
/* End PBXVariantGroup section */

/* Begin XCBuildConfiguration section */
		FC90DDD31B4F4AFB00F5382B /* Debug */ = {
			isa = XCBuildConfiguration;
			buildSettings = {
				ALWAYS_SEARCH_USER_PATHS = NO;
				CLANG_CXX_LANGUAGE_STANDARD = "gnu++0x";
				CLANG_CXX_LIBRARY = "libc++";
				CLANG_ENABLE_MODULES = YES;
				CLANG_ENABLE_OBJC_ARC = YES;
				CLANG_WARN_BOOL_CONVERSION = YES;
				CLANG_WARN_CONSTANT_CONVERSION = YES;
				CLANG_WARN_DIRECT_OBJC_ISA_USAGE = YES_ERROR;
				CLANG_WARN_EMPTY_BODY = YES;
				CLANG_WARN_ENUM_CONVERSION = YES;
				CLANG_WARN_INT_CONVERSION = YES;
				CLANG_WARN_OBJC_ROOT_CLASS = YES_ERROR;
				CLANG_WARN_UNREACHABLE_CODE = YES;
				CLANG_WARN__DUPLICATE_METHOD_MATCH = YES;
				"CODE_SIGN_IDENTITY[sdk=iphoneos*]" = "iPhone Developer";
				COPY_PHASE_STRIP = NO;
				DEBUG_INFORMATION_FORMAT = "dwarf-with-dsym";
				ENABLE_STRICT_OBJC_MSGSEND = YES;
				GCC_C_LANGUAGE_STANDARD = gnu99;
				GCC_DYNAMIC_NO_PIC = NO;
				GCC_NO_COMMON_BLOCKS = YES;
				GCC_OPTIMIZATION_LEVEL = 0;
				GCC_PREPROCESSOR_DEFINITIONS = (
					"DEBUG=1",
					"$(inherited)",
				);
				GCC_SYMBOLS_PRIVATE_EXTERN = NO;
				GCC_WARN_64_TO_32_BIT_CONVERSION = YES;
				GCC_WARN_ABOUT_RETURN_TYPE = YES_ERROR;
				GCC_WARN_UNDECLARED_SELECTOR = YES;
				GCC_WARN_UNINITIALIZED_AUTOS = YES_AGGRESSIVE;
				GCC_WARN_UNUSED_FUNCTION = YES;
				GCC_WARN_UNUSED_VARIABLE = YES;
				IPHONEOS_DEPLOYMENT_TARGET = 8.4;
				MTL_ENABLE_DEBUG_INFO = YES;
				ONLY_ACTIVE_ARCH = YES;
				SDKROOT = iphoneos;
			};
			name = Debug;
		};
		FC90DDD41B4F4AFB00F5382B /* Release */ = {
			isa = XCBuildConfiguration;
			buildSettings = {
				ALWAYS_SEARCH_USER_PATHS = NO;
				CLANG_CXX_LANGUAGE_STANDARD = "gnu++0x";
				CLANG_CXX_LIBRARY = "libc++";
				CLANG_ENABLE_MODULES = YES;
				CLANG_ENABLE_OBJC_ARC = YES;
				CLANG_WARN_BOOL_CONVERSION = YES;
				CLANG_WARN_CONSTANT_CONVERSION = YES;
				CLANG_WARN_DIRECT_OBJC_ISA_USAGE = YES_ERROR;
				CLANG_WARN_EMPTY_BODY = YES;
				CLANG_WARN_ENUM_CONVERSION = YES;
				CLANG_WARN_INT_CONVERSION = YES;
				CLANG_WARN_OBJC_ROOT_CLASS = YES_ERROR;
				CLANG_WARN_UNREACHABLE_CODE = YES;
				CLANG_WARN__DUPLICATE_METHOD_MATCH = YES;
				"CODE_SIGN_IDENTITY[sdk=iphoneos*]" = "iPhone Developer";
				COPY_PHASE_STRIP = NO;
				DEBUG_INFORMATION_FORMAT = "dwarf-with-dsym";
				ENABLE_NS_ASSERTIONS = NO;
				ENABLE_STRICT_OBJC_MSGSEND = YES;
				GCC_C_LANGUAGE_STANDARD = gnu99;
				GCC_NO_COMMON_BLOCKS = YES;
				GCC_WARN_64_TO_32_BIT_CONVERSION = YES;
				GCC_WARN_ABOUT_RETURN_TYPE = YES_ERROR;
				GCC_WARN_UNDECLARED_SELECTOR = YES;
				GCC_WARN_UNINITIALIZED_AUTOS = YES_AGGRESSIVE;
				GCC_WARN_UNUSED_FUNCTION = YES;
				GCC_WARN_UNUSED_VARIABLE = YES;
				IPHONEOS_DEPLOYMENT_TARGET = 8.4;
				MTL_ENABLE_DEBUG_INFO = NO;
				SDKROOT = iphoneos;
				VALIDATE_PRODUCT = YES;
			};
			name = Release;
		};
		FC90DDD61B4F4AFB00F5382B /* Debug */ = {
			isa = XCBuildConfiguration;
			buildSettings = {
				ASSETCATALOG_COMPILER_APPICON_NAME = AppIcon;
				INFOPLIST_FILE = TXVImageProgressView/Info.plist;
				LD_RUNPATH_SEARCH_PATHS = "$(inherited) @executable_path/Frameworks";
				PRODUCT_NAME = "$(TARGET_NAME)";
			};
			name = Debug;
		};
		FC90DDD71B4F4AFB00F5382B /* Release */ = {
			isa = XCBuildConfiguration;
			buildSettings = {
				ASSETCATALOG_COMPILER_APPICON_NAME = AppIcon;
				INFOPLIST_FILE = TXVImageProgressView/Info.plist;
				LD_RUNPATH_SEARCH_PATHS = "$(inherited) @executable_path/Frameworks";
				PRODUCT_NAME = "$(TARGET_NAME)";
			};
			name = Release;
		};
		FC90DDD91B4F4AFB00F5382B /* Debug */ = {
			isa = XCBuildConfiguration;
			buildSettings = {
				BUNDLE_LOADER = "$(TEST_HOST)";
				FRAMEWORK_SEARCH_PATHS = (
					"$(SDKROOT)/Developer/Library/Frameworks",
					"$(inherited)",
				);
				GCC_PREPROCESSOR_DEFINITIONS = (
					"DEBUG=1",
					"$(inherited)",
				);
				INFOPLIST_FILE = TXVImageProgressViewTests/Info.plist;
				LD_RUNPATH_SEARCH_PATHS = "$(inherited) @executable_path/Frameworks @loader_path/Frameworks";
				PRODUCT_NAME = "$(TARGET_NAME)";
				TEST_HOST = "$(BUILT_PRODUCTS_DIR)/TXVImageProgressView.app/TXVImageProgressView";
			};
			name = Debug;
		};
		FC90DDDA1B4F4AFB00F5382B /* Release */ = {
			isa = XCBuildConfiguration;
			buildSettings = {
				BUNDLE_LOADER = "$(TEST_HOST)";
				FRAMEWORK_SEARCH_PATHS = (
					"$(SDKROOT)/Developer/Library/Frameworks",
					"$(inherited)",
				);
				INFOPLIST_FILE = TXVImageProgressViewTests/Info.plist;
				LD_RUNPATH_SEARCH_PATHS = "$(inherited) @executable_path/Frameworks @loader_path/Frameworks";
				PRODUCT_NAME = "$(TARGET_NAME)";
				TEST_HOST = "$(BUILT_PRODUCTS_DIR)/TXVImageProgressView.app/TXVImageProgressView";
			};
			name = Release;
		};
/* End XCBuildConfiguration section */

/* Begin XCConfigurationList section */
		FC90DDAD1B4F4AFA00F5382B /* Build configuration list for PBXProject "TXVImageProgressView" */ = {
			isa = XCConfigurationList;
			buildConfigurations = (
				FC90DDD31B4F4AFB00F5382B /* Debug */,
				FC90DDD41B4F4AFB00F5382B /* Release */,
			);
			defaultConfigurationIsVisible = 0;
			defaultConfigurationName = Release;
		};
		FC90DDD51B4F4AFB00F5382B /* Build configuration list for PBXNativeTarget "TXVImageProgressView" */ = {
			isa = XCConfigurationList;
			buildConfigurations = (
				FC90DDD61B4F4AFB00F5382B /* Debug */,
				FC90DDD71B4F4AFB00F5382B /* Release */,
			);
			defaultConfigurationIsVisible = 0;
		};
		FC90DDD81B4F4AFB00F5382B /* Build configuration list for PBXNativeTarget "TXVImageProgressViewTests" */ = {
			isa = XCConfigurationList;
			buildConfigurations = (
				FC90DDD91B4F4AFB00F5382B /* Debug */,
				FC90DDDA1B4F4AFB00F5382B /* Release */,
			);
			defaultConfigurationIsVisible = 0;
		};
/* End XCConfigurationList section */
	};
	rootObject = FC90DDAA1B4F4AFA00F5382B /* Project object */;
}
